{
    "version": 3,
    "terraform_version": "0.10.7",
    "serial": 53,
    "lineage": "e804ea4a-f283-4a00-bce7-b4ba084af3cf",
    "modules": [
        {
            "path": [
                "root"
            ],
            "outputs": {},
            "resources": {
                "aws_iam_instance_profile.iam_instance": {
                    "type": "aws_iam_instance_profile",
                    "depends_on": [
                        "aws_iam_role.ecs-instance"
                    ],
                    "primary": {
                        "id": "terraform-20171018203025606500000002",
                        "attributes": {
                            "arn": "arn:aws:iam::069574394237:instance-profile/terraform-20171018203025606500000002",
                            "id": "terraform-20171018203025606500000002",
                            "name": "terraform-20171018203025606500000002",
                            "path": "/",
                            "role": "swarm-ecsinstance20171018203024761600000001",
                            "roles.#": "1",
                            "roles.1602929717": "swarm-ecsinstance20171018203024761600000001",
                            "unique_id": "AIPAJJTGHVAX6T4RGDDAI"
                        },
                        "meta": {},
                        "tainted": false
                    },
                    "deposed": [],
                    "provider": ""
                },
                "aws_iam_policy.ec2-s3": {
                    "type": "aws_iam_policy",
                    "depends_on": [
                        "data.aws_iam_policy_document.ec2-s3"
                    ],
                    "primary": {
                        "id": "arn:aws:iam::069574394237:policy/swarm-ec2-s3",
                        "attributes": {
                            "arn": "arn:aws:iam::069574394237:policy/swarm-ec2-s3",
                            "id": "arn:aws:iam::069574394237:policy/swarm-ec2-s3",
                            "name": "swarm-ec2-s3",
                            "path": "/",
                            "policy": "{\n  \"Version\": \"2012-10-17\",\n  \"Statement\": [\n    {\n      \"Sid\": \"\",\n      \"Effect\": \"Allow\",\n      \"Action\": [\n        \"s3:List\",\n        \"s3:Get\"\n      ],\n      \"Resource\": \"*\"\n    }\n  ]\n}"
                        },
                        "meta": {},
                        "tainted": false
                    },
                    "deposed": [],
                    "provider": ""
                },
                "aws_iam_role.ecs-instance": {
                    "type": "aws_iam_role",
                    "depends_on": [],
                    "primary": {
                        "id": "swarm-ecsinstance20171018203024761600000001",
                        "attributes": {
                            "arn": "arn:aws:iam::069574394237:role/swarm-ecsinstance20171018203024761600000001",
                            "assume_role_policy": "{\"Version\":\"2012-10-17\",\"Statement\":[{\"Effect\":\"Allow\",\"Principal\":{\"Service\":[\"ecs.amazonaws.com\",\"ec2.amazonaws.com\"]},\"Action\":\"sts:AssumeRole\"}]}",
                            "create_date": "2017-10-18T20:30:25Z",
                            "force_detach_policies": "false",
                            "id": "swarm-ecsinstance20171018203024761600000001",
                            "name": "swarm-ecsinstance20171018203024761600000001",
                            "name_prefix": "swarm-ecsinstance",
                            "path": "/",
                            "unique_id": "AROAJYJ3ZFIH3XLAZOM3Q"
                        },
                        "meta": {},
                        "tainted": false
                    },
                    "deposed": [],
                    "provider": ""
                },
                "aws_iam_role_policy_attachment.attach-ec2-s3": {
                    "type": "aws_iam_role_policy_attachment",
                    "depends_on": [
                        "aws_iam_policy.ec2-s3",
                        "aws_iam_role.ecs-instance"
                    ],
                    "primary": {
                        "id": "swarm-ecsinstance20171018203024761600000001-20171018203026051700000003",
                        "attributes": {
                            "id": "swarm-ecsinstance20171018203024761600000001-20171018203026051700000003",
                            "policy_arn": "arn:aws:iam::069574394237:policy/swarm-ec2-s3",
                            "role": "swarm-ecsinstance20171018203024761600000001"
                        },
                        "meta": {},
                        "tainted": false
                    },
                    "deposed": [],
                    "provider": ""
                },
                "aws_security_group.docker_host": {
                    "type": "aws_security_group",
                    "depends_on": [
                        "module.vpc"
                    ],
                    "primary": {
                        "id": "sg-ce1e79b3",
                        "attributes": {
                            "description": "Allows all traffic",
                            "egress.#": "1",
                            "egress.482069346.cidr_blocks.#": "1",
                            "egress.482069346.cidr_blocks.0": "0.0.0.0/0",
                            "egress.482069346.from_port": "0",
                            "egress.482069346.ipv6_cidr_blocks.#": "0",
                            "egress.482069346.prefix_list_ids.#": "0",
                            "egress.482069346.protocol": "-1",
                            "egress.482069346.security_groups.#": "0",
                            "egress.482069346.self": "false",
                            "egress.482069346.to_port": "0",
                            "id": "sg-ce1e79b3",
                            "ingress.#": "2",
                            "ingress.177024196.cidr_blocks.#": "1",
                            "ingress.177024196.cidr_blocks.0": "10.180.0.0/16",
                            "ingress.177024196.from_port": "0",
                            "ingress.177024196.ipv6_cidr_blocks.#": "0",
                            "ingress.177024196.protocol": "-1",
                            "ingress.177024196.security_groups.#": "0",
                            "ingress.177024196.self": "false",
                            "ingress.177024196.to_port": "0",
                            "ingress.482069346.cidr_blocks.#": "1",
                            "ingress.482069346.cidr_blocks.0": "0.0.0.0/0",
                            "ingress.482069346.from_port": "0",
                            "ingress.482069346.ipv6_cidr_blocks.#": "0",
                            "ingress.482069346.protocol": "-1",
                            "ingress.482069346.security_groups.#": "0",
                            "ingress.482069346.self": "false",
                            "ingress.482069346.to_port": "0",
                            "name": "swarm_docker_host",
                            "owner_id": "069574394237",
                            "tags.%": "0",
                            "vpc_id": "vpc-ef471089"
                        },
                        "meta": {},
                        "tainted": false
                    },
                    "deposed": [],
                    "provider": ""
                },
                "data.aws_ami.swarm_base": {
                    "type": "aws_ami",
                    "depends_on": [],
                    "primary": {
                        "id": "ami-08539070",
                        "attributes": {
                            "architecture": "x86_64",
                            "block_device_mappings.#": "3",
                            "block_device_mappings.1634610537.device_name": "/dev/sdb",
                            "block_device_mappings.1634610537.ebs.%": "0",
                            "block_device_mappings.1634610537.no_device": "",
                            "block_device_mappings.1634610537.virtual_name": "ephemeral0",
                            "block_device_mappings.2547816212.device_name": "/dev/sda1",
                            "block_device_mappings.2547816212.ebs.%": "6",
                            "block_device_mappings.2547816212.ebs.delete_on_termination": "true",
                            "block_device_mappings.2547816212.ebs.encrypted": "false",
                            "block_device_mappings.2547816212.ebs.iops": "0",
                            "block_device_mappings.2547816212.ebs.snapshot_id": "snap-0ad115d0acdfef0b1",
                            "block_device_mappings.2547816212.ebs.volume_size": "8",
                            "block_device_mappings.2547816212.ebs.volume_type": "gp2",
                            "block_device_mappings.2547816212.no_device": "",
                            "block_device_mappings.2547816212.virtual_name": "",
                            "block_device_mappings.3850042718.device_name": "/dev/sdc",
                            "block_device_mappings.3850042718.ebs.%": "0",
                            "block_device_mappings.3850042718.no_device": "",
                            "block_device_mappings.3850042718.virtual_name": "ephemeral1",
                            "creation_date": "2017-10-18T16:14:53.000Z",
                            "description": "",
                            "filter.#": "1",
                            "filter.2764416586.name": "name",
                            "filter.2764416586.values.#": "1",
                            "filter.2764416586.values.0": "swarm_base*",
                            "hypervisor": "xen",
                            "id": "ami-08539070",
                            "image_id": "ami-08539070",
                            "image_location": "069574394237/swarm_base_noble_buffalo",
                            "image_type": "machine",
                            "most_recent": "true",
                            "name": "swarm_base_noble_buffalo",
                            "owner_id": "069574394237",
                            "product_codes.#": "0",
                            "public": "false",
                            "root_device_name": "/dev/sda1",
                            "root_device_type": "ebs",
                            "sriov_net_support": "simple",
                            "state": "available",
                            "state_reason.%": "2",
                            "state_reason.code": "UNSET",
                            "state_reason.message": "UNSET",
                            "tags.#": "1",
                            "tags.1527163431.key": "Name",
                            "tags.1527163431.value": "swarm-base",
                            "virtualization_type": "hvm"
                        },
                        "meta": {},
                        "tainted": false
                    },
                    "deposed": [],
                    "provider": ""
                },
                "data.aws_iam_policy_document.ec2-s3": {
                    "type": "aws_iam_policy_document",
                    "depends_on": [],
                    "primary": {
                        "id": "2264248454",
                        "attributes": {
                            "id": "2264248454",
                            "json": "{\n  \"Version\": \"2012-10-17\",\n  \"Statement\": [\n    {\n      \"Sid\": \"\",\n      \"Effect\": \"Allow\",\n      \"Action\": [\n        \"s3:List\",\n        \"s3:Get\"\n      ],\n      \"Resource\": \"*\"\n    }\n  ]\n}",
                            "statement.#": "1",
                            "statement.0.actions.#": "2",
                            "statement.0.actions.206920704": "s3:List",
                            "statement.0.actions.2601843829": "s3:Get",
                            "statement.0.condition.#": "0",
                            "statement.0.effect": "Allow",
                            "statement.0.not_actions.#": "0",
                            "statement.0.not_principals.#": "0",
                            "statement.0.not_resources.#": "0",
                            "statement.0.principals.#": "0",
                            "statement.0.resources.#": "1",
                            "statement.0.resources.2679715827": "*",
                            "statement.0.sid": ""
                        },
                        "meta": {},
                        "tainted": false
                    },
                    "deposed": [],
                    "provider": ""
                },
                "random_pet.ec2_name": {
                    "type": "random_pet",
                    "depends_on": [],
                    "primary": {
                        "id": "super_bass",
                        "attributes": {
                            "id": "super_bass",
                            "length": "2",
                            "separator": "_"
                        },
                        "meta": {},
                        "tainted": false
                    },
                    "deposed": [],
                    "provider": ""
                }
            },
            "depends_on": []
        },
        {
            "path": [
                "root",
                "vpc"
            ],
            "outputs": {
                "subnet_a_id": {
                    "sensitive": false,
                    "type": "string",
                    "value": "subnet-7762432c"
                },
                "subnet_b_id": {
                    "sensitive": false,
                    "type": "string",
                    "value": "subnet-47d24821"
                },
                "vpc_cidr_block": {
                    "sensitive": false,
                    "type": "string",
                    "value": "10.180.0.0/16"
                },
                "vpc_id": {
                    "sensitive": false,
                    "type": "string",
                    "value": "vpc-ef471089"
                }
            },
            "resources": {
                "aws_internet_gateway.gw": {
                    "type": "aws_internet_gateway",
                    "depends_on": [
                        "aws_vpc.main"
                    ],
                    "primary": {
                        "id": "igw-9e4f6cf9",
                        "attributes": {
                            "id": "igw-9e4f6cf9",
                            "tags.%": "1",
                            "tags.Name": "swarm_gateway",
                            "vpc_id": "vpc-ef471089"
                        },
                        "meta": {},
                        "tainted": false
                    },
                    "deposed": [],
                    "provider": ""
                },
                "aws_route_table.default": {
                    "type": "aws_route_table",
                    "depends_on": [
                        "aws_internet_gateway.gw",
                        "aws_vpc.main"
                    ],
                    "primary": {
                        "id": "rtb-e4bd3b9d",
                        "attributes": {
                            "id": "rtb-e4bd3b9d",
                            "propagating_vgws.#": "0",
                            "route.#": "1",
                            "route.142582224.cidr_block": "0.0.0.0/0",
                            "route.142582224.egress_only_gateway_id": "",
                            "route.142582224.gateway_id": "igw-9e4f6cf9",
                            "route.142582224.instance_id": "",
                            "route.142582224.ipv6_cidr_block": "",
                            "route.142582224.nat_gateway_id": "",
                            "route.142582224.network_interface_id": "",
                            "route.142582224.vpc_peering_connection_id": "",
                            "tags.%": "0",
                            "vpc_id": "vpc-ef471089"
                        },
                        "meta": {},
                        "tainted": false
                    },
                    "deposed": [],
                    "provider": ""
                },
                "aws_route_table_association.subnet_a": {
                    "type": "aws_route_table_association",
                    "depends_on": [
                        "aws_route_table.default",
                        "aws_subnet.subnet_a"
                    ],
                    "primary": {
                        "id": "rtbassoc-b4c9e8cc",
                        "attributes": {
                            "id": "rtbassoc-b4c9e8cc",
                            "route_table_id": "rtb-e4bd3b9d",
                            "subnet_id": "subnet-7762432c"
                        },
                        "meta": {},
                        "tainted": false
                    },
                    "deposed": [],
                    "provider": ""
                },
                "aws_route_table_association.subnet_b": {
                    "type": "aws_route_table_association",
                    "depends_on": [
                        "aws_route_table.default",
                        "aws_subnet.subnet_b"
                    ],
                    "primary": {
                        "id": "rtbassoc-56c8e92e",
                        "attributes": {
                            "id": "rtbassoc-56c8e92e",
                            "route_table_id": "rtb-e4bd3b9d",
                            "subnet_id": "subnet-47d24821"
                        },
                        "meta": {},
                        "tainted": false
                    },
                    "deposed": [],
                    "provider": ""
                },
                "aws_subnet.subnet_a": {
                    "type": "aws_subnet",
                    "depends_on": [
                        "aws_vpc.main"
                    ],
                    "primary": {
                        "id": "subnet-7762432c",
                        "attributes": {
                            "assign_ipv6_address_on_creation": "false",
                            "availability_zone": "us-west-2c",
                            "cidr_block": "10.180.100.0/24",
                            "id": "subnet-7762432c",
                            "map_public_ip_on_launch": "false",
                            "tags.%": "1",
                            "tags.Name": "swarm_subnet_a",
                            "vpc_id": "vpc-ef471089"
                        },
                        "meta": {
                            "schema_version": "1"
                        },
                        "tainted": false
                    },
                    "deposed": [],
                    "provider": ""
                },
                "aws_subnet.subnet_b": {
                    "type": "aws_subnet",
                    "depends_on": [
                        "aws_vpc.main"
                    ],
                    "primary": {
                        "id": "subnet-47d24821",
                        "attributes": {
                            "assign_ipv6_address_on_creation": "false",
                            "availability_zone": "us-west-2b",
                            "cidr_block": "10.180.200.0/24",
                            "id": "subnet-47d24821",
                            "map_public_ip_on_launch": "false",
                            "tags.%": "1",
                            "tags.Name": "swarm_subnet_b",
                            "vpc_id": "vpc-ef471089"
                        },
                        "meta": {
                            "schema_version": "1"
                        },
                        "tainted": false
                    },
                    "deposed": [],
                    "provider": ""
                },
                "aws_vpc.main": {
                    "type": "aws_vpc",
                    "depends_on": [],
                    "primary": {
                        "id": "vpc-ef471089",
                        "attributes": {
                            "assign_generated_ipv6_cidr_block": "false",
                            "cidr_block": "10.180.0.0/16",
                            "default_network_acl_id": "acl-ced92eb7",
                            "default_route_table_id": "rtb-e8b13791",
                            "default_security_group_id": "sg-6b1a7d16",
                            "dhcp_options_id": "dopt-babbefdf",
                            "enable_classiclink": "false",
                            "enable_classiclink_dns_support": "false",
                            "enable_dns_hostnames": "true",
                            "enable_dns_support": "true",
                            "id": "vpc-ef471089",
                            "instance_tenancy": "default",
                            "main_route_table_id": "rtb-e8b13791",
                            "tags.%": "1",
                            "tags.Name": "swarm_vpc"
                        },
                        "meta": {
                            "schema_version": "1"
                        },
                        "tainted": false
                    },
                    "deposed": [],
                    "provider": ""
                }
            },
            "depends_on": []
        }
    ]
}
